PODS:
  - Alamofire (5.2.0)
  - CocoaLumberjack (3.8.2):
    - CocoaLumberjack/Core (= 3.8.2)
  - CocoaLumberjack/Core (3.8.2)
  - Kingfisher (7.6.2)
  - PromiseKit (8.1.1):
    - PromiseKit/CorePromise (= 8.1.1)
    - PromiseKit/Foundation (= 8.1.1)
    - PromiseKit/UIKit (= 8.1.1)
  - PromiseKit/CorePromise (8.1.1)
  - PromiseKit/Foundation (8.1.1):
    - PromiseKit/CorePromise
  - PromiseKit/UIKit (8.1.1):
    - PromiseKit/CorePromise
  - SVGKit (3.0.0):
    - CocoaLumberjack (~> 3.0)
  - SVProgressHUD (2.2.5)

DEPENDENCIES:
  - Alamofire (= 5.2)
  - Kingfisher (= 7.6.2)
  - PromiseKit (= 8.1.1)
  - SVGKit
  - SVProgressHUD (= 2.2.5)

SPEC REPOS:
  trunk:
    - Alamofire
    - CocoaLumberjack
    - Kingfisher
    - PromiseKit
    - SVGKit
    - SVProgressHUD

SPEC CHECKSUMS:
  Alamofire: c1ca147559e730bfb2182c8c7aafbdd90a867987
  CocoaLumberjack: f8d89a516e7710fdb2e9b8f1560b16ec6040eef0
  Kingfisher: 6c5449c6450c5239166510ba04afe374a98afc4f
  PromiseKit: d1be44b474e5acfa16adf007a1f49f104e10fead
  SVGKit: 1ad7513f8c74d9652f94ed64ddecda1a23864dea
  SVProgressHUD: 1428aafac632c1f86f62aa4243ec12008d7a51d6

PODFILE CHECKSUM: 83ef7923fc560c23f0d7c5ce2e3366af43dc2f69

COCOAPODS: 1.13.0
